
Microsoft Visual Studio Solution File, Format Version 12.00
# Visual Studio Version 16
VisualStudioVersion = 16.0.31112.23
MinimumVisualStudioVersion = 10.0.40219.1
Project("{FAE04EC0-301F-11D3-BF4B-00C04F79EFBC}") = "git-pratice", "git-pratice\git-pratice.csproj", "{3F5E0DC5-42A6-4551-B612-ADA026CDE007}"
EndProject
Global
	GlobalSection(SolutionConfigurationPlatforms) = preSolution
		Debug|Any CPU = Debug|Any CPU
		Release|Any CPU = Release|Any CPU
	EndGlobalSection
	GlobalSection(ProjectConfigurationPlatforms) = postSolution
		{3F5E0DC5-42A6-4551-B612-ADA026CDE007}.Debug|Any CPU.ActiveCfg = Debug|Any CPU
		{3F5E0DC5-42A6-4551-B612-ADA026CDE007}.Debug|Any CPU.Build.0 = Debug|Any CPU
		{3F5E0DC5-42A6-4551-B612-ADA026CDE007}.Release|Any CPU.ActiveCfg = Release|Any CPU
		{3F5E0DC5-42A6-4551-B612-ADA026CDE007}.Release|Any CPU.Build.0 = Release|Any CPU
	EndGlobalSection
	GlobalSection(SolutionProperties) = preSolution
		HideSolutionNode = FALSE
	EndGlobalSection
	GlobalSection(ExtensibilityGlobals) = postSolution
		SolutionGuid = {427F4C3F-AE23-4991-B4D8-138C2E9C73EB}
	EndGlobalSection
EndGlobal
